
Microsoft Visual Studio Solution File, Format Version 12.00
# Visual Studio 15
VisualStudioVersion = 15.0.26124.0
MinimumVisualStudioVersion = 15.0.26124.0
Project("{FAE04EC0-301F-11D3-BF4B-00C04F79EFBC}") = "Domain", "Domain\Domain.csproj", "{54918831-84EC-4908-998F-71A6A637065F}"
EndProject
Project("{FAE04EC0-301F-11D3-BF4B-00C04F79EFBC}") = "Application", "Application\Application.csproj", "{A7A21917-F76B-4F45-87BB-399E40E054AB}"
EndProject
Project("{FAE04EC0-301F-11D3-BF4B-00C04F79EFBC}") = "API", "API\API.csproj", "{B5998C78-0EC0-4D66-A886-E0E55142930A}"
EndProject
Project("{FAE04EC0-301F-11D3-BF4B-00C04F79EFBC}") = "Persistence", "Persistence\Persistence.csproj", "{298F749C-EEA6-4B20-BA40-C650F0F9C1D3}"
EndProject
Global
	GlobalSection(SolutionConfigurationPlatforms) = preSolution
		Debug|Any CPU = Debug|Any CPU
		Debug|x64 = Debug|x64
		Debug|x86 = Debug|x86
		Release|Any CPU = Release|Any CPU
		Release|x64 = Release|x64
		Release|x86 = Release|x86
	EndGlobalSection
	GlobalSection(SolutionProperties) = preSolution
		HideSolutionNode = FALSE
	EndGlobalSection
	GlobalSection(ProjectConfigurationPlatforms) = postSolution
		{54918831-84EC-4908-998F-71A6A637065F}.Debug|Any CPU.ActiveCfg = Debug|Any CPU
		{54918831-84EC-4908-998F-71A6A637065F}.Debug|Any CPU.Build.0 = Debug|Any CPU
		{54918831-84EC-4908-998F-71A6A637065F}.Debug|x64.ActiveCfg = Debug|Any CPU
		{54918831-84EC-4908-998F-71A6A637065F}.Debug|x64.Build.0 = Debug|Any CPU
		{54918831-84EC-4908-998F-71A6A637065F}.Debug|x86.ActiveCfg = Debug|Any CPU
		{54918831-84EC-4908-998F-71A6A637065F}.Debug|x86.Build.0 = Debug|Any CPU
		{54918831-84EC-4908-998F-71A6A637065F}.Release|Any CPU.ActiveCfg = Release|Any CPU
		{54918831-84EC-4908-998F-71A6A637065F}.Release|Any CPU.Build.0 = Release|Any CPU
		{54918831-84EC-4908-998F-71A6A637065F}.Release|x64.ActiveCfg = Release|Any CPU
		{54918831-84EC-4908-998F-71A6A637065F}.Release|x64.Build.0 = Release|Any CPU
		{54918831-84EC-4908-998F-71A6A637065F}.Release|x86.ActiveCfg = Release|Any CPU
		{54918831-84EC-4908-998F-71A6A637065F}.Release|x86.Build.0 = Release|Any CPU
		{A7A21917-F76B-4F45-87BB-399E40E054AB}.Debug|Any CPU.ActiveCfg = Debug|Any CPU
		{A7A21917-F76B-4F45-87BB-399E40E054AB}.Debug|Any CPU.Build.0 = Debug|Any CPU
		{A7A21917-F76B-4F45-87BB-399E40E054AB}.Debug|x64.ActiveCfg = Debug|Any CPU
		{A7A21917-F76B-4F45-87BB-399E40E054AB}.Debug|x64.Build.0 = Debug|Any CPU
		{A7A21917-F76B-4F45-87BB-399E40E054AB}.Debug|x86.ActiveCfg = Debug|Any CPU
		{A7A21917-F76B-4F45-87BB-399E40E054AB}.Debug|x86.Build.0 = Debug|Any CPU
		{A7A21917-F76B-4F45-87BB-399E40E054AB}.Release|Any CPU.ActiveCfg = Release|Any CPU
		{A7A21917-F76B-4F45-87BB-399E40E054AB}.Release|Any CPU.Build.0 = Release|Any CPU
		{A7A21917-F76B-4F45-87BB-399E40E054AB}.Release|x64.ActiveCfg = Release|Any CPU
		{A7A21917-F76B-4F45-87BB-399E40E054AB}.Release|x64.Build.0 = Release|Any CPU
		{A7A21917-F76B-4F45-87BB-399E40E054AB}.Release|x86.ActiveCfg = Release|Any CPU
		{A7A21917-F76B-4F45-87BB-399E40E054AB}.Release|x86.Build.0 = Release|Any CPU
		{B5998C78-0EC0-4D66-A886-E0E55142930A}.Debug|Any CPU.ActiveCfg = Debug|Any CPU
		{B5998C78-0EC0-4D66-A886-E0E55142930A}.Debug|Any CPU.Build.0 = Debug|Any CPU
		{B5998C78-0EC0-4D66-A886-E0E55142930A}.Debug|x64.ActiveCfg = Debug|Any CPU
		{B5998C78-0EC0-4D66-A886-E0E55142930A}.Debug|x64.Build.0 = Debug|Any CPU
		{B5998C78-0EC0-4D66-A886-E0E55142930A}.Debug|x86.ActiveCfg = Debug|Any CPU
		{B5998C78-0EC0-4D66-A886-E0E55142930A}.Debug|x86.Build.0 = Debug|Any CPU
		{B5998C78-0EC0-4D66-A886-E0E55142930A}.Release|Any CPU.ActiveCfg = Release|Any CPU
		{B5998C78-0EC0-4D66-A886-E0E55142930A}.Release|Any CPU.Build.0 = Release|Any CPU
		{B5998C78-0EC0-4D66-A886-E0E55142930A}.Release|x64.ActiveCfg = Release|Any CPU
		{B5998C78-0EC0-4D66-A886-E0E55142930A}.Release|x64.Build.0 = Release|Any CPU
		{B5998C78-0EC0-4D66-A886-E0E55142930A}.Release|x86.ActiveCfg = Release|Any CPU
		{B5998C78-0EC0-4D66-A886-E0E55142930A}.Release|x86.Build.0 = Release|Any CPU
		{298F749C-EEA6-4B20-BA40-C650F0F9C1D3}.Debug|Any CPU.ActiveCfg = Debug|Any CPU
		{298F749C-EEA6-4B20-BA40-C650F0F9C1D3}.Debug|Any CPU.Build.0 = Debug|Any CPU
		{298F749C-EEA6-4B20-BA40-C650F0F9C1D3}.Debug|x64.ActiveCfg = Debug|Any CPU
		{298F749C-EEA6-4B20-BA40-C650F0F9C1D3}.Debug|x64.Build.0 = Debug|Any CPU
		{298F749C-EEA6-4B20-BA40-C650F0F9C1D3}.Debug|x86.ActiveCfg = Debug|Any CPU
		{298F749C-EEA6-4B20-BA40-C650F0F9C1D3}.Debug|x86.Build.0 = Debug|Any CPU
		{298F749C-EEA6-4B20-BA40-C650F0F9C1D3}.Release|Any CPU.ActiveCfg = Release|Any CPU
		{298F749C-EEA6-4B20-BA40-C650F0F9C1D3}.Release|Any CPU.Build.0 = Release|Any CPU
		{298F749C-EEA6-4B20-BA40-C650F0F9C1D3}.Release|x64.ActiveCfg = Release|Any CPU
		{298F749C-EEA6-4B20-BA40-C650F0F9C1D3}.Release|x64.Build.0 = Release|Any CPU
		{298F749C-EEA6-4B20-BA40-C650F0F9C1D3}.Release|x86.ActiveCfg = Release|Any CPU
		{298F749C-EEA6-4B20-BA40-C650F0F9C1D3}.Release|x86.Build.0 = Release|Any CPU
	EndGlobalSection
EndGlobal
